
Microsoft Visual Studio Solution File, Format Version 12.00
# Visual Studio 15
VisualStudioVersion = 15.0.28307.645
MinimumVisualStudioVersion = 10.0.40219.1
Project("{FAE04EC0-301F-11D3-BF4B-00C04F79EFBC}") = "DelegateExample", "DelegateExample\DelegateExample.csproj", "{85374B2B-7240-4026-A171-509705F0DB7C}"
EndProject
Global
	GlobalSection(SolutionConfigurationPlatforms) = preSolution
		Debug|Any CPU = Debug|Any CPU
		Release|Any CPU = Release|Any CPU
	EndGlobalSection
	GlobalSection(ProjectConfigurationPlatforms) = postSolution
		{85374B2B-7240-4026-A171-509705F0DB7C}.Debug|Any CPU.ActiveCfg = Debug|Any CPU
		{85374B2B-7240-4026-A171-509705F0DB7C}.Debug|Any CPU.Build.0 = Debug|Any CPU
		{85374B2B-7240-4026-A171-509705F0DB7C}.Release|Any CPU.ActiveCfg = Release|Any CPU
		{85374B2B-7240-4026-A171-509705F0DB7C}.Release|Any CPU.Build.0 = Release|Any CPU
	EndGlobalSection
	GlobalSection(SolutionProperties) = preSolution
		HideSolutionNode = FALSE
	EndGlobalSection
	GlobalSection(ExtensibilityGlobals) = postSolution
		SolutionGuid = {63356EFB-6951-4D25-9823-07DB572F9F62}
	EndGlobalSection
EndGlobal
